// !$*UTF8*$!
{
	archiveVersion = 1;
	classes = {
	};
	objectVersion = 46;
	objects = {

/* Begin PBXBuildFile section */
		7E059066246710060079F9CF /* CategoryListProtocols.swift in Sources */ = {isa = PBXBuildFile; fileRef = 7E059065246710060079F9CF /* CategoryListProtocols.swift */; };
		7E059068246712E60079F9CF /* CategoryListPresenter.swift in Sources */ = {isa = PBXBuildFile; fileRef = 7E059067246712E60079F9CF /* CategoryListPresenter.swift */; };
		7E05906A2467165B0079F9CF /* BaseViewController.swift in Sources */ = {isa = PBXBuildFile; fileRef = 7E0590692467165B0079F9CF /* BaseViewController.swift */; };
		7E05906C246716BB0079F9CF /* CategoryListInteractor.swift in Sources */ = {isa = PBXBuildFile; fileRef = 7E05906B246716BB0079F9CF /* CategoryListInteractor.swift */; };
		7E05906E246718630079F9CF /* CategoryListRouter.swift in Sources */ = {isa = PBXBuildFile; fileRef = 7E05906D246718630079F9CF /* CategoryListRouter.swift */; };
		7E059071246722F90079F9CF /* Storyboard.swift in Sources */ = {isa = PBXBuildFile; fileRef = 7E059070246722F90079F9CF /* Storyboard.swift */; };
		7E059079246727E90079F9CF /* SplashProtocols.swift in Sources */ = {isa = PBXBuildFile; fileRef = 7E059078246727E90079F9CF /* SplashProtocols.swift */; };
		7E05907B24672A270079F9CF /* SplashPresenter.swift in Sources */ = {isa = PBXBuildFile; fileRef = 7E05907A24672A270079F9CF /* SplashPresenter.swift */; };
		7E05907D24672A8C0079F9CF /* SplashInteractor.swift in Sources */ = {isa = PBXBuildFile; fileRef = 7E05907C24672A8C0079F9CF /* SplashInteractor.swift */; };
		7E05907F24672EDD0079F9CF /* SplashRouter.swift in Sources */ = {isa = PBXBuildFile; fileRef = 7E05907E24672EDD0079F9CF /* SplashRouter.swift */; };
		7E059087246738140079F9CF /* AppListProtocols.swift in Sources */ = {isa = PBXBuildFile; fileRef = 7E059086246738140079F9CF /* AppListProtocols.swift */; };
		7E059089246739B40079F9CF /* AppListPresenter.swift in Sources */ = {isa = PBXBuildFile; fileRef = 7E059088246739B40079F9CF /* AppListPresenter.swift */; };
		7E05908B24673A000079F9CF /* AppListInteractor.swift in Sources */ = {isa = PBXBuildFile; fileRef = 7E05908A24673A000079F9CF /* AppListInteractor.swift */; };
		7E05908D24673B590079F9CF /* AppListRouter.swift in Sources */ = {isa = PBXBuildFile; fileRef = 7E05908C24673B590079F9CF /* AppListRouter.swift */; };
		7E059095246742260079F9CF /* AppDetailsProtocols.swift in Sources */ = {isa = PBXBuildFile; fileRef = 7E059094246742260079F9CF /* AppDetailsProtocols.swift */; };
		7E059097246742B90079F9CF /* AppDetailsPresenter.swift in Sources */ = {isa = PBXBuildFile; fileRef = 7E059096246742B90079F9CF /* AppDetailsPresenter.swift */; };
		7E059099246744490079F9CF /* AppDetailsRouter.swift in Sources */ = {isa = PBXBuildFile; fileRef = 7E059098246744490079F9CF /* AppDetailsRouter.swift */; };
		7E05909B24674B900079F9CF /* Environment.swift in Sources */ = {isa = PBXBuildFile; fileRef = 7E05909A24674B900079F9CF /* Environment.swift */; };
		7E05909E24674CA50079F9CF /* String+Extension.swift in Sources */ = {isa = PBXBuildFile; fileRef = 7E05909D24674CA50079F9CF /* String+Extension.swift */; };
		7E0590A32467697D0079F9CF /* CategoryTableViewCell.xib in Resources */ = {isa = PBXBuildFile; fileRef = 7E0590A22467697D0079F9CF /* CategoryTableViewCell.xib */; };
		7E23D499246BA2E200907780 /* URLSession+Result.swift in Sources */ = {isa = PBXBuildFile; fileRef = 7E23D498246BA2E200907780 /* URLSession+Result.swift */; };
		7E23D49B246BA5FC00907780 /* UIImageView+LoadFromURL.swift in Sources */ = {isa = PBXBuildFile; fileRef = 7E23D49A246BA5FC00907780 /* UIImageView+LoadFromURL.swift */; };
		7E23D49D246BA93D00907780 /* Payload.swift in Sources */ = {isa = PBXBuildFile; fileRef = 7E23D49C246BA93D00907780 /* Payload.swift */; };
		7E8941AA1C6C03BB00FF1B6B /* CategoryTableViewController.swift in Sources */ = {isa = PBXBuildFile; fileRef = 7E8941A91C6C03BB00FF1B6B /* CategoryTableViewController.swift */; };
		7E8941AD1C6C03E900FF1B6B /* CategoryTableViewCell.swift in Sources */ = {isa = PBXBuildFile; fileRef = 7E8941AC1C6C03E900FF1B6B /* CategoryTableViewCell.swift */; };
		7E8941B11C6C0F7F00FF1B6B /* AppsView.storyboard in Resources */ = {isa = PBXBuildFile; fileRef = 7E8941B01C6C0F7F00FF1B6B /* AppsView.storyboard */; };
		7E8941B31C6C0FD100FF1B6B /* AppsCollectionViewController.swift in Sources */ = {isa = PBXBuildFile; fileRef = 7E8941B21C6C0FD100FF1B6B /* AppsCollectionViewController.swift */; };
		7E8941B51C6C10AE00FF1B6B /* AppCollectionViewCell.swift in Sources */ = {isa = PBXBuildFile; fileRef = 7E8941B41C6C10AE00FF1B6B /* AppCollectionViewCell.swift */; };
		7E8941B71C6C1AE400FF1B6B /* CategoryCollectionViewController.swift in Sources */ = {isa = PBXBuildFile; fileRef = 7E8941B61C6C1AE400FF1B6B /* CategoryCollectionViewController.swift */; };
		7EA19FE81C6D964B00959A9A /* AppDetails.storyboard in Resources */ = {isa = PBXBuildFile; fileRef = 7EA19FE71C6D964B00959A9A /* AppDetails.storyboard */; };
		7EA19FEA1C6D966F00959A9A /* AppDetailsViewController.swift in Sources */ = {isa = PBXBuildFile; fileRef = 7EA19FE91C6D966F00959A9A /* AppDetailsViewController.swift */; };
		7EA258FF1C6AA9C200906FD4 /* AppDelegate.swift in Sources */ = {isa = PBXBuildFile; fileRef = 7EA258FE1C6AA9C200906FD4 /* AppDelegate.swift */; };
		7EA259041C6AA9C300906FD4 /* MenuIphone.storyboard in Resources */ = {isa = PBXBuildFile; fileRef = 7EA259021C6AA9C300906FD4 /* MenuIphone.storyboard */; };
		7EA259071C6AA9C300906FD4 /* BestApps.xcdatamodeld in Sources */ = {isa = PBXBuildFile; fileRef = 7EA259051C6AA9C300906FD4 /* BestApps.xcdatamodeld */; };
		7EA259091C6AA9C300906FD4 /* Assets.xcassets in Resources */ = {isa = PBXBuildFile; fileRef = 7EA259081C6AA9C300906FD4 /* Assets.xcassets */; };
		7EA2590C1C6AA9C300906FD4 /* LaunchScreen.storyboard in Resources */ = {isa = PBXBuildFile; fileRef = 7EA2590A1C6AA9C300906FD4 /* LaunchScreen.storyboard */; };
		7EA259171C6AACE000906FD4 /* SplashViewController.swift in Sources */ = {isa = PBXBuildFile; fileRef = 7EA259161C6AACE000906FD4 /* SplashViewController.swift */; };
		7EA2591B1C6AB13500906FD4 /* DBHelper.swift in Sources */ = {isa = PBXBuildFile; fileRef = 7EA2591A1C6AB13500906FD4 /* DBHelper.swift */; };
		7EA2591D1C6AB14E00906FD4 /* GlobalClass.swift in Sources */ = {isa = PBXBuildFile; fileRef = 7EA2591C1C6AB14E00906FD4 /* GlobalClass.swift */; };
		7EA2591F1C6AB1B500906FD4 /* Localizable.strings in Resources */ = {isa = PBXBuildFile; fileRef = 7EA2591E1C6AB1B500906FD4 /* Localizable.strings */; };
		7EA2592D1C6ABB7500906FD4 /* Category+CoreDataProperties.swift in Sources */ = {isa = PBXBuildFile; fileRef = 7EA259291C6ABB7500906FD4 /* Category+CoreDataProperties.swift */; };
		7EA2592E1C6ABB7500906FD4 /* Category.swift in Sources */ = {isa = PBXBuildFile; fileRef = 7EA2592A1C6ABB7500906FD4 /* Category.swift */; };
		7EA2592F1C6ABB7500906FD4 /* App+CoreDataProperties.swift in Sources */ = {isa = PBXBuildFile; fileRef = 7EA2592B1C6ABB7500906FD4 /* App+CoreDataProperties.swift */; };
		7EA259301C6ABB7500906FD4 /* App.swift in Sources */ = {isa = PBXBuildFile; fileRef = 7EA2592C1C6ABB7500906FD4 /* App.swift */; };
/* End PBXBuildFile section */

/* Begin PBXFileReference section */
		7E059065246710060079F9CF /* CategoryListProtocols.swift */ = {isa = PBXFileReference; lastKnownFileType = sourcecode.swift; path = CategoryListProtocols.swift; sourceTree = "<group>"; };
		7E059067246712E60079F9CF /* CategoryListPresenter.swift */ = {isa = PBXFileReference; lastKnownFileType = sourcecode.swift; path = CategoryListPresenter.swift; sourceTree = "<group>"; };
		7E0590692467165B0079F9CF /* BaseViewController.swift */ = {isa = PBXFileReference; lastKnownFileType = sourcecode.swift; path = BaseViewController.swift; sourceTree = "<group>"; };
		7E05906B246716BB0079F9CF /* CategoryListInteractor.swift */ = {isa = PBXFileReference; lastKnownFileType = sourcecode.swift; path = CategoryListInteractor.swift; sourceTree = "<group>"; };
		7E05906D246718630079F9CF /* CategoryListRouter.swift */ = {isa = PBXFileReference; lastKnownFileType = sourcecode.swift; path = CategoryListRouter.swift; sourceTree = "<group>"; };
		7E059070246722F90079F9CF /* Storyboard.swift */ = {isa = PBXFileReference; lastKnownFileType = sourcecode.swift; path = Storyboard.swift; sourceTree = "<group>"; };
		7E059078246727E90079F9CF /* SplashProtocols.swift */ = {isa = PBXFileReference; lastKnownFileType = sourcecode.swift; path = SplashProtocols.swift; sourceTree = "<group>"; };
		7E05907A24672A270079F9CF /* SplashPresenter.swift */ = {isa = PBXFileReference; lastKnownFileType = sourcecode.swift; path = SplashPresenter.swift; sourceTree = "<group>"; };
		7E05907C24672A8C0079F9CF /* SplashInteractor.swift */ = {isa = PBXFileReference; lastKnownFileType = sourcecode.swift; path = SplashInteractor.swift; sourceTree = "<group>"; };
		7E05907E24672EDD0079F9CF /* SplashRouter.swift */ = {isa = PBXFileReference; lastKnownFileType = sourcecode.swift; path = SplashRouter.swift; sourceTree = "<group>"; };
		7E059086246738140079F9CF /* AppListProtocols.swift */ = {isa = PBXFileReference; lastKnownFileType = sourcecode.swift; path = AppListProtocols.swift; sourceTree = "<group>"; };
		7E059088246739B40079F9CF /* AppListPresenter.swift */ = {isa = PBXFileReference; lastKnownFileType = sourcecode.swift; path = AppListPresenter.swift; sourceTree = "<group>"; };
		7E05908A24673A000079F9CF /* AppListInteractor.swift */ = {isa = PBXFileReference; lastKnownFileType = sourcecode.swift; path = AppListInteractor.swift; sourceTree = "<group>"; };
		7E05908C24673B590079F9CF /* AppListRouter.swift */ = {isa = PBXFileReference; lastKnownFileType = sourcecode.swift; path = AppListRouter.swift; sourceTree = "<group>"; };
		7E059094246742260079F9CF /* AppDetailsProtocols.swift */ = {isa = PBXFileReference; lastKnownFileType = sourcecode.swift; path = AppDetailsProtocols.swift; sourceTree = "<group>"; };
		7E059096246742B90079F9CF /* AppDetailsPresenter.swift */ = {isa = PBXFileReference; lastKnownFileType = sourcecode.swift; path = AppDetailsPresenter.swift; sourceTree = "<group>"; };
		7E059098246744490079F9CF /* AppDetailsRouter.swift */ = {isa = PBXFileReference; lastKnownFileType = sourcecode.swift; path = AppDetailsRouter.swift; sourceTree = "<group>"; };
		7E05909A24674B900079F9CF /* Environment.swift */ = {isa = PBXFileReference; lastKnownFileType = sourcecode.swift; path = Environment.swift; sourceTree = "<group>"; };
		7E05909D24674CA50079F9CF /* String+Extension.swift */ = {isa = PBXFileReference; lastKnownFileType = sourcecode.swift; path = "String+Extension.swift"; sourceTree = "<group>"; };
		7E0590A22467697D0079F9CF /* CategoryTableViewCell.xib */ = {isa = PBXFileReference; lastKnownFileType = file.xib; path = CategoryTableViewCell.xib; sourceTree = "<group>"; };
		7E23D498246BA2E200907780 /* URLSession+Result.swift */ = {isa = PBXFileReference; lastKnownFileType = sourcecode.swift; path = "URLSession+Result.swift"; sourceTree = "<group>"; };
		7E23D49A246BA5FC00907780 /* UIImageView+LoadFromURL.swift */ = {isa = PBXFileReference; lastKnownFileType = sourcecode.swift; path = "UIImageView+LoadFromURL.swift"; sourceTree = "<group>"; };
		7E23D49C246BA93D00907780 /* Payload.swift */ = {isa = PBXFileReference; lastKnownFileType = sourcecode.swift; path = Payload.swift; sourceTree = "<group>"; };
		7E8941A91C6C03BB00FF1B6B /* CategoryTableViewController.swift */ = {isa = PBXFileReference; fileEncoding = 4; lastKnownFileType = sourcecode.swift; path = CategoryTableViewController.swift; sourceTree = "<group>"; };
		7E8941AC1C6C03E900FF1B6B /* CategoryTableViewCell.swift */ = {isa = PBXFileReference; fileEncoding = 4; lastKnownFileType = sourcecode.swift; path = CategoryTableViewCell.swift; sourceTree = "<group>"; };
		7E8941B01C6C0F7F00FF1B6B /* AppsView.storyboard */ = {isa = PBXFileReference; fileEncoding = 4; lastKnownFileType = file.storyboard; path = AppsView.storyboard; sourceTree = "<group>"; };
		7E8941B21C6C0FD100FF1B6B /* AppsCollectionViewController.swift */ = {isa = PBXFileReference; fileEncoding = 4; lastKnownFileType = sourcecode.swift; path = AppsCollectionViewController.swift; sourceTree = "<group>"; };
		7E8941B41C6C10AE00FF1B6B /* AppCollectionViewCell.swift */ = {isa = PBXFileReference; fileEncoding = 4; lastKnownFileType = sourcecode.swift; path = AppCollectionViewCell.swift; sourceTree = "<group>"; };
		7E8941B61C6C1AE400FF1B6B /* CategoryCollectionViewController.swift */ = {isa = PBXFileReference; fileEncoding = 4; lastKnownFileType = sourcecode.swift; path = CategoryCollectionViewController.swift; sourceTree = "<group>"; };
		7EA19FE71C6D964B00959A9A /* AppDetails.storyboard */ = {isa = PBXFileReference; fileEncoding = 4; lastKnownFileType = file.storyboard; path = AppDetails.storyboard; sourceTree = "<group>"; };
		7EA19FE91C6D966F00959A9A /* AppDetailsViewController.swift */ = {isa = PBXFileReference; fileEncoding = 4; lastKnownFileType = sourcecode.swift; path = AppDetailsViewController.swift; sourceTree = "<group>"; };
		7EA258FB1C6AA9C200906FD4 /* BestApps.app */ = {isa = PBXFileReference; explicitFileType = wrapper.application; includeInIndex = 0; path = BestApps.app; sourceTree = BUILT_PRODUCTS_DIR; };
		7EA258FE1C6AA9C200906FD4 /* AppDelegate.swift */ = {isa = PBXFileReference; lastKnownFileType = sourcecode.swift; path = AppDelegate.swift; sourceTree = "<group>"; };
		7EA259031C6AA9C300906FD4 /* Base */ = {isa = PBXFileReference; lastKnownFileType = file.storyboard; name = Base; path = Base.lproj/MenuIphone.storyboard; sourceTree = "<group>"; };
		7EA259061C6AA9C300906FD4 /* BestApps.xcdatamodel */ = {isa = PBXFileReference; lastKnownFileType = wrapper.xcdatamodel; path = BestApps.xcdatamodel; sourceTree = "<group>"; };
		7EA259081C6AA9C300906FD4 /* Assets.xcassets */ = {isa = PBXFileReference; lastKnownFileType = folder.assetcatalog; path = Assets.xcassets; sourceTree = "<group>"; };
		7EA2590B1C6AA9C300906FD4 /* Base */ = {isa = PBXFileReference; lastKnownFileType = file.storyboard; name = Base; path = Base.lproj/LaunchScreen.storyboard; sourceTree = "<group>"; };
		7EA2590D1C6AA9C300906FD4 /* Info.plist */ = {isa = PBXFileReference; lastKnownFileType = text.plist.xml; path = Info.plist; sourceTree = "<group>"; };
		7EA259161C6AACE000906FD4 /* SplashViewController.swift */ = {isa = PBXFileReference; fileEncoding = 4; lastKnownFileType = sourcecode.swift; path = SplashViewController.swift; sourceTree = "<group>"; };
		7EA2591A1C6AB13500906FD4 /* DBHelper.swift */ = {isa = PBXFileReference; fileEncoding = 4; lastKnownFileType = sourcecode.swift; path = DBHelper.swift; sourceTree = "<group>"; };
		7EA2591C1C6AB14E00906FD4 /* GlobalClass.swift */ = {isa = PBXFileReference; fileEncoding = 4; lastKnownFileType = sourcecode.swift; path = GlobalClass.swift; sourceTree = "<group>"; };
		7EA2591E1C6AB1B500906FD4 /* Localizable.strings */ = {isa = PBXFileReference; fileEncoding = 4; lastKnownFileType = text.plist.strings; path = Localizable.strings; sourceTree = "<group>"; };
		7EA259291C6ABB7500906FD4 /* Category+CoreDataProperties.swift */ = {isa = PBXFileReference; fileEncoding = 4; lastKnownFileType = sourcecode.swift; path = "Category+CoreDataProperties.swift"; sourceTree = "<group>"; };
		7EA2592A1C6ABB7500906FD4 /* Category.swift */ = {isa = PBXFileReference; fileEncoding = 4; lastKnownFileType = sourcecode.swift; path = Category.swift; sourceTree = "<group>"; };
		7EA2592B1C6ABB7500906FD4 /* App+CoreDataProperties.swift */ = {isa = PBXFileReference; fileEncoding = 4; lastKnownFileType = sourcecode.swift; path = "App+CoreDataProperties.swift"; sourceTree = "<group>"; };
		7EA2592C1C6ABB7500906FD4 /* App.swift */ = {isa = PBXFileReference; fileEncoding = 4; lastKnownFileType = sourcecode.swift; path = App.swift; sourceTree = "<group>"; };
/* End PBXFileReference section */

/* Begin PBXFrameworksBuildPhase section */
		7EA258F81C6AA9C200906FD4 /* Frameworks */ = {
			isa = PBXFrameworksBuildPhase;
			buildActionMask = 2147483647;
			files = (
			);
			runOnlyForDeploymentPostprocessing = 0;
		};
/* End PBXFrameworksBuildPhase section */

/* Begin PBXGroup section */
		3668DDAB6715774446F2EA11 /* Pods */ = {
			isa = PBXGroup;
			children = (
			);
			path = Pods;
			sourceTree = "<group>";
		};
		7E05905E24670FA10079F9CF /* Modules */ = {
			isa = PBXGroup;
			children = (
				7E059093246741950079F9CF /* BaseModule */,
				7E059072246727650079F9CF /* Splash */,
				7E05905F24670FAB0079F9CF /* CategoryList */,
				7E059080246737930079F9CF /* AppList */,
				7E05908E246741240079F9CF /* AppDetails */,
			);
			name = Modules;
			sourceTree = "<group>";
		};
		7E05905F24670FAB0079F9CF /* CategoryList */ = {
			isa = PBXGroup;
			children = (
				7E059065246710060079F9CF /* CategoryListProtocols.swift */,
				7E05906424670FE70079F9CF /* Router */,
				7E05906324670FDC0079F9CF /* Entity */,
				7E05906224670FCF0079F9CF /* Presenter */,
				7E05906124670FC00079F9CF /* Interactor */,
				7E05906024670FB70079F9CF /* View */,
			);
			name = CategoryList;
			sourceTree = "<group>";
		};
		7E05906024670FB70079F9CF /* View */ = {
			isa = PBXGroup;
			children = (
				7E8941A91C6C03BB00FF1B6B /* CategoryTableViewController.swift */,
				7E8941B61C6C1AE400FF1B6B /* CategoryCollectionViewController.swift */,
			);
			name = View;
			sourceTree = "<group>";
		};
		7E05906124670FC00079F9CF /* Interactor */ = {
			isa = PBXGroup;
			children = (
				7E05906B246716BB0079F9CF /* CategoryListInteractor.swift */,
			);
			name = Interactor;
			sourceTree = "<group>";
		};
		7E05906224670FCF0079F9CF /* Presenter */ = {
			isa = PBXGroup;
			children = (
				7E059067246712E60079F9CF /* CategoryListPresenter.swift */,
			);
			name = Presenter;
			sourceTree = "<group>";
		};
		7E05906324670FDC0079F9CF /* Entity */ = {
			isa = PBXGroup;
			children = (
				7EA259291C6ABB7500906FD4 /* Category+CoreDataProperties.swift */,
				7EA2592A1C6ABB7500906FD4 /* Category.swift */,
			);
			name = Entity;
			sourceTree = "<group>";
		};
		7E05906424670FE70079F9CF /* Router */ = {
			isa = PBXGroup;
			children = (
				7E05906D246718630079F9CF /* CategoryListRouter.swift */,
			);
			name = Router;
			sourceTree = "<group>";
		};
		7E05906F246722ED0079F9CF /* Utils */ = {
			isa = PBXGroup;
			children = (
				7E05909A24674B900079F9CF /* Environment.swift */,
				7E059070246722F90079F9CF /* Storyboard.swift */,
			);
			name = Utils;
			sourceTree = "<group>";
		};
		7E059072246727650079F9CF /* Splash */ = {
			isa = PBXGroup;
			children = (
				7E059078246727E90079F9CF /* SplashProtocols.swift */,
				7E059077246727890079F9CF /* Router */,
				7E23D49E246BA94100907780 /* Entity */,
				7E0590752467277C0079F9CF /* Presenter */,
				7E059074246727750079F9CF /* Interactor */,
				7E0590732467276F0079F9CF /* View */,
			);
			name = Splash;
			sourceTree = "<group>";
		};
		7E0590732467276F0079F9CF /* View */ = {
			isa = PBXGroup;
			children = (
				7EA259161C6AACE000906FD4 /* SplashViewController.swift */,
			);
			name = View;
			sourceTree = "<group>";
		};
		7E059074246727750079F9CF /* Interactor */ = {
			isa = PBXGroup;
			children = (
				7E05907C24672A8C0079F9CF /* SplashInteractor.swift */,
			);
			name = Interactor;
			sourceTree = "<group>";
		};
		7E0590752467277C0079F9CF /* Presenter */ = {
			isa = PBXGroup;
			children = (
				7E05907A24672A270079F9CF /* SplashPresenter.swift */,
			);
			name = Presenter;
			sourceTree = "<group>";
		};
		7E059077246727890079F9CF /* Router */ = {
			isa = PBXGroup;
			children = (
				7E05907E24672EDD0079F9CF /* SplashRouter.swift */,
			);
			name = Router;
			sourceTree = "<group>";
		};
		7E059080246737930079F9CF /* AppList */ = {
			isa = PBXGroup;
			children = (
				7E059086246738140079F9CF /* AppListProtocols.swift */,
				7E059085246737D00079F9CF /* Router */,
				7E059084246737C90079F9CF /* Entity */,
				7E059083246737C30079F9CF /* Presenter */,
				7E059082246737BC0079F9CF /* Interactor */,
				7E059081246737B60079F9CF /* View */,
			);
			name = AppList;
			sourceTree = "<group>";
		};
		7E059081246737B60079F9CF /* View */ = {
			isa = PBXGroup;
			children = (
				7E8941B21C6C0FD100FF1B6B /* AppsCollectionViewController.swift */,
			);
			name = View;
			sourceTree = "<group>";
		};
		7E059082246737BC0079F9CF /* Interactor */ = {
			isa = PBXGroup;
			children = (
				7E05908A24673A000079F9CF /* AppListInteractor.swift */,
			);
			name = Interactor;
			sourceTree = "<group>";
		};
		7E059083246737C30079F9CF /* Presenter */ = {
			isa = PBXGroup;
			children = (
				7E059088246739B40079F9CF /* AppListPresenter.swift */,
			);
			name = Presenter;
			sourceTree = "<group>";
		};
		7E059084246737C90079F9CF /* Entity */ = {
			isa = PBXGroup;
			children = (
				7EA2592B1C6ABB7500906FD4 /* App+CoreDataProperties.swift */,
				7EA2592C1C6ABB7500906FD4 /* App.swift */,
			);
			name = Entity;
			sourceTree = "<group>";
		};
		7E059085246737D00079F9CF /* Router */ = {
			isa = PBXGroup;
			children = (
				7E05908C24673B590079F9CF /* AppListRouter.swift */,
			);
			name = Router;
			sourceTree = "<group>";
		};
		7E05908E246741240079F9CF /* AppDetails */ = {
			isa = PBXGroup;
			children = (
				7E059094246742260079F9CF /* AppDetailsProtocols.swift */,
				7E0590922467417A0079F9CF /* Router */,
				7E059091246741460079F9CF /* Presenter */,
				7E05908F246741360079F9CF /* View */,
			);
			name = AppDetails;
			sourceTree = "<group>";
		};
		7E05908F246741360079F9CF /* View */ = {
			isa = PBXGroup;
			children = (
				7EA19FE91C6D966F00959A9A /* AppDetailsViewController.swift */,
			);
			name = View;
			sourceTree = "<group>";
		};
		7E059091246741460079F9CF /* Presenter */ = {
			isa = PBXGroup;
			children = (
				7E059096246742B90079F9CF /* AppDetailsPresenter.swift */,
			);
			name = Presenter;
			sourceTree = "<group>";
		};
		7E0590922467417A0079F9CF /* Router */ = {
			isa = PBXGroup;
			children = (
				7E059098246744490079F9CF /* AppDetailsRouter.swift */,
			);
			name = Router;
			sourceTree = "<group>";
		};
		7E059093246741950079F9CF /* BaseModule */ = {
			isa = PBXGroup;
			children = (
				7E0590692467165B0079F9CF /* BaseViewController.swift */,
			);
			name = BaseModule;
			sourceTree = "<group>";
		};
		7E05909C24674C900079F9CF /* Extensions */ = {
			isa = PBXGroup;
			children = (
				7E05909D24674CA50079F9CF /* String+Extension.swift */,
				7E23D498246BA2E200907780 /* URLSession+Result.swift */,
				7E23D49A246BA5FC00907780 /* UIImageView+LoadFromURL.swift */,
			);
			name = Extensions;
			sourceTree = "<group>";
		};
		7E05909F24674F3C0079F9CF /* Assets */ = {
			isa = PBXGroup;
			children = (
				7EA259081C6AA9C300906FD4 /* Assets.xcassets */,
				7EA2591E1C6AB1B500906FD4 /* Localizable.strings */,
			);
			name = Assets;
			sourceTree = "<group>";
		};
		7E23D49E246BA94100907780 /* Entity */ = {
			isa = PBXGroup;
			children = (
				7E23D49C246BA93D00907780 /* Payload.swift */,
			);
			name = Entity;
			sourceTree = "<group>";
		};
		7E8941AB1C6C03D300FF1B6B /* Cells */ = {
			isa = PBXGroup;
			children = (
				7E8941AC1C6C03E900FF1B6B /* CategoryTableViewCell.swift */,
				7E0590A22467697D0079F9CF /* CategoryTableViewCell.xib */,
				7E8941B41C6C10AE00FF1B6B /* AppCollectionViewCell.swift */,
			);
			name = Cells;
			sourceTree = "<group>";
		};
		7EA258F21C6AA9C200906FD4 = {
			isa = PBXGroup;
			children = (
				7EA258FD1C6AA9C200906FD4 /* BestApps */,
				7EA258FC1C6AA9C200906FD4 /* Products */,
				3668DDAB6715774446F2EA11 /* Pods */,
			);
			sourceTree = "<group>";
		};
		7EA258FC1C6AA9C200906FD4 /* Products */ = {
			isa = PBXGroup;
			children = (
				7EA258FB1C6AA9C200906FD4 /* BestApps.app */,
			);
			name = Products;
			sourceTree = "<group>";
		};
		7EA258FD1C6AA9C200906FD4 /* BestApps */ = {
			isa = PBXGroup;
			children = (
				7EA258FE1C6AA9C200906FD4 /* AppDelegate.swift */,
				7EA2590D1C6AA9C300906FD4 /* Info.plist */,
				7EA259051C6AA9C300906FD4 /* BestApps.xcdatamodeld */,
				7E05909F24674F3C0079F9CF /* Assets */,
				7E05909C24674C900079F9CF /* Extensions */,
				7EA259191C6AB12300906FD4 /* Helpers */,
				7E05905E24670FA10079F9CF /* Modules */,
				7EA259181C6AACE400906FD4 /* SharedViews */,
				7EA259151C6AAA2100906FD4 /* Storyboards */,
				7E05906F246722ED0079F9CF /* Utils */,
			);
			path = BestApps;
			sourceTree = "<group>";
		};
		7EA259151C6AAA2100906FD4 /* Storyboards */ = {
			isa = PBXGroup;
			children = (
				7EA2590A1C6AA9C300906FD4 /* LaunchScreen.storyboard */,
				7EA259021C6AA9C300906FD4 /* MenuIphone.storyboard */,
				7E8941B01C6C0F7F00FF1B6B /* AppsView.storyboard */,
				7EA19FE71C6D964B00959A9A /* AppDetails.storyboard */,
			);
			name = Storyboards;
			sourceTree = "<group>";
		};
		7EA259181C6AACE400906FD4 /* SharedViews */ = {
			isa = PBXGroup;
			children = (
				7E8941AB1C6C03D300FF1B6B /* Cells */,
			);
			name = SharedViews;
			sourceTree = "<group>";
		};
		7EA259191C6AB12300906FD4 /* Helpers */ = {
			isa = PBXGroup;
			children = (
				7EA2591A1C6AB13500906FD4 /* DBHelper.swift */,
				7EA2591C1C6AB14E00906FD4 /* GlobalClass.swift */,
			);
			name = Helpers;
			sourceTree = "<group>";
		};
/* End PBXGroup section */

/* Begin PBXNativeTarget section */
		7EA258FA1C6AA9C200906FD4 /* BestApps */ = {
			isa = PBXNativeTarget;
			buildConfigurationList = 7EA259101C6AA9C300906FD4 /* Build configuration list for PBXNativeTarget "BestApps" */;
			buildPhases = (
				7EA258F71C6AA9C200906FD4 /* Sources */,
				7EA258F81C6AA9C200906FD4 /* Frameworks */,
				7EA258F91C6AA9C200906FD4 /* Resources */,
			);
			buildRules = (
			);
			dependencies = (
			);
			name = BestApps;
			productName = BestApps;
			productReference = 7EA258FB1C6AA9C200906FD4 /* BestApps.app */;
			productType = "com.apple.product-type.application";
		};
/* End PBXNativeTarget section */

/* Begin PBXProject section */
		7EA258F31C6AA9C200906FD4 /* Project object */ = {
			isa = PBXProject;
			attributes = {
				LastSwiftUpdateCheck = 0720;
				LastUpgradeCheck = 1140;
				ORGANIZATIONNAME = andres;
				TargetAttributes = {
					7EA258FA1C6AA9C200906FD4 = {
						CreatedOnToolsVersion = 7.2.1;
						DevelopmentTeam = WYWUC4P4DY;
					};
				};
			};
			buildConfigurationList = 7EA258F61C6AA9C200906FD4 /* Build configuration list for PBXProject "BestApps" */;
			compatibilityVersion = "Xcode 3.2";
			developmentRegion = English;
			hasScannedForEncodings = 0;
			knownRegions = (
				English,
				en,
				Base,
			);
			mainGroup = 7EA258F21C6AA9C200906FD4;
			productRefGroup = 7EA258FC1C6AA9C200906FD4 /* Products */;
			projectDirPath = "";
			projectRoot = "";
			targets = (
				7EA258FA1C6AA9C200906FD4 /* BestApps */,
			);
		};
/* End PBXProject section */

/* Begin PBXResourcesBuildPhase section */
		7EA258F91C6AA9C200906FD4 /* Resources */ = {
			isa = PBXResourcesBuildPhase;
			buildActionMask = 2147483647;
			files = (
				7EA2591F1C6AB1B500906FD4 /* Localizable.strings in Resources */,
				7E0590A32467697D0079F9CF /* CategoryTableViewCell.xib in Resources */,
				7EA2590C1C6AA9C300906FD4 /* LaunchScreen.storyboard in Resources */,
				7E8941B11C6C0F7F00FF1B6B /* AppsView.storyboard in Resources */,
				7EA259091C6AA9C300906FD4 /* Assets.xcassets in Resources */,
				7EA259041C6AA9C300906FD4 /* MenuIphone.storyboard in Resources */,
				7EA19FE81C6D964B00959A9A /* AppDetails.storyboard in Resources */,
			);
			runOnlyForDeploymentPostprocessing = 0;
		};
/* End PBXResourcesBuildPhase section */

/* Begin PBXSourcesBuildPhase section */
		7EA258F71C6AA9C200906FD4 /* Sources */ = {
			isa = PBXSourcesBuildPhase;
			buildActionMask = 2147483647;
			files = (
				7E059095246742260079F9CF /* AppDetailsProtocols.swift in Sources */,
				7E059079246727E90079F9CF /* SplashProtocols.swift in Sources */,
				7E059068246712E60079F9CF /* CategoryListPresenter.swift in Sources */,
				7E059089246739B40079F9CF /* AppListPresenter.swift in Sources */,
				7E8941B31C6C0FD100FF1B6B /* AppsCollectionViewController.swift in Sources */,
				7E059097246742B90079F9CF /* AppDetailsPresenter.swift in Sources */,
				7EA2592F1C6ABB7500906FD4 /* App+CoreDataProperties.swift in Sources */,
				7EA2592D1C6ABB7500906FD4 /* Category+CoreDataProperties.swift in Sources */,
				7E05909E24674CA50079F9CF /* String+Extension.swift in Sources */,
				7E059071246722F90079F9CF /* Storyboard.swift in Sources */,
				7E059087246738140079F9CF /* AppListProtocols.swift in Sources */,
				7EA259071C6AA9C300906FD4 /* BestApps.xcdatamodeld in Sources */,
				7E05906A2467165B0079F9CF /* BaseViewController.swift in Sources */,
				7EA259301C6ABB7500906FD4 /* App.swift in Sources */,
				7E059099246744490079F9CF /* AppDetailsRouter.swift in Sources */,
				7E05907F24672EDD0079F9CF /* SplashRouter.swift in Sources */,
				7E05908D24673B590079F9CF /* AppListRouter.swift in Sources */,
				7E8941AA1C6C03BB00FF1B6B /* CategoryTableViewController.swift in Sources */,
				7EA2591B1C6AB13500906FD4 /* DBHelper.swift in Sources */,
				7E23D499246BA2E200907780 /* URLSession+Result.swift in Sources */,
				7EA19FEA1C6D966F00959A9A /* AppDetailsViewController.swift in Sources */,
				7EA258FF1C6AA9C200906FD4 /* AppDelegate.swift in Sources */,
				7E8941B71C6C1AE400FF1B6B /* CategoryCollectionViewController.swift in Sources */,
				7EA259171C6AACE000906FD4 /* SplashViewController.swift in Sources */,
				7E05906C246716BB0079F9CF /* CategoryListInteractor.swift in Sources */,
				7E059066246710060079F9CF /* CategoryListProtocols.swift in Sources */,
				7E23D49D246BA93D00907780 /* Payload.swift in Sources */,
				7EA2591D1C6AB14E00906FD4 /* GlobalClass.swift in Sources */,
				7EA2592E1C6ABB7500906FD4 /* Category.swift in Sources */,
				7E05907D24672A8C0079F9CF /* SplashInteractor.swift in Sources */,
				7E8941AD1C6C03E900FF1B6B /* CategoryTableViewCell.swift in Sources */,
				7E05906E246718630079F9CF /* CategoryListRouter.swift in Sources */,
				7E8941B51C6C10AE00FF1B6B /* AppCollectionViewCell.swift in Sources */,
				7E05907B24672A270079F9CF /* SplashPresenter.swift in Sources */,
				7E05908B24673A000079F9CF /* AppListInteractor.swift in Sources */,
				7E23D49B246BA5FC00907780 /* UIImageView+LoadFromURL.swift in Sources */,
				7E05909B24674B900079F9CF /* Environment.swift in Sources */,
			);
			runOnlyForDeploymentPostprocessing = 0;
		};
/* End PBXSourcesBuildPhase section */

/* Begin PBXVariantGroup section */
		7EA259021C6AA9C300906FD4 /* MenuIphone.storyboard */ = {
			isa = PBXVariantGroup;
			children = (
				7EA259031C6AA9C300906FD4 /* Base */,
			);
			name = MenuIphone.storyboard;
			sourceTree = "<group>";
		};
		7EA2590A1C6AA9C300906FD4 /* LaunchScreen.storyboard */ = {
			isa = PBXVariantGroup;
			children = (
				7EA2590B1C6AA9C300906FD4 /* Base */,
			);
			name = LaunchScreen.storyboard;
			sourceTree = "<group>";
		};
/* End PBXVariantGroup section */

/* Begin XCBuildConfiguration section */
		7EA2590E1C6AA9C300906FD4 /* Debug */ = {
			isa = XCBuildConfiguration;
			buildSettings = {
				ALWAYS_SEARCH_USER_PATHS = NO;
				CLANG_ANALYZER_LOCALIZABILITY_NONLOCALIZED = YES;
				CLANG_CXX_LANGUAGE_STANDARD = "gnu++0x";
				CLANG_CXX_LIBRARY = "libc++";
				CLANG_ENABLE_MODULES = YES;
				CLANG_ENABLE_OBJC_ARC = YES;
				CLANG_WARN_BLOCK_CAPTURE_AUTORELEASING = YES;
				CLANG_WARN_BOOL_CONVERSION = YES;
				CLANG_WARN_COMMA = YES;
				CLANG_WARN_CONSTANT_CONVERSION = YES;
				CLANG_WARN_DEPRECATED_OBJC_IMPLEMENTATIONS = YES;
				CLANG_WARN_DIRECT_OBJC_ISA_USAGE = YES_ERROR;
				CLANG_WARN_EMPTY_BODY = YES;
				CLANG_WARN_ENUM_CONVERSION = YES;
				CLANG_WARN_INFINITE_RECURSION = YES;
				CLANG_WARN_INT_CONVERSION = YES;
				CLANG_WARN_NON_LITERAL_NULL_CONVERSION = YES;
				CLANG_WARN_OBJC_IMPLICIT_RETAIN_SELF = YES;
				CLANG_WARN_OBJC_LITERAL_CONVERSION = YES;
				CLANG_WARN_OBJC_ROOT_CLASS = YES_ERROR;
				CLANG_WARN_RANGE_LOOP_ANALYSIS = YES;
				CLANG_WARN_STRICT_PROTOTYPES = YES;
				CLANG_WARN_SUSPICIOUS_MOVE = YES;
				CLANG_WARN_UNREACHABLE_CODE = YES;
				CLANG_WARN__DUPLICATE_METHOD_MATCH = YES;
				"CODE_SIGN_IDENTITY[sdk=iphoneos*]" = "iPhone Developer";
				COPY_PHASE_STRIP = NO;
				DEBUG_INFORMATION_FORMAT = dwarf;
				ENABLE_STRICT_OBJC_MSGSEND = YES;
				ENABLE_TESTABILITY = YES;
				GCC_C_LANGUAGE_STANDARD = gnu99;
				GCC_DYNAMIC_NO_PIC = NO;
				GCC_NO_COMMON_BLOCKS = YES;
				GCC_OPTIMIZATION_LEVEL = 0;
				GCC_PREPROCESSOR_DEFINITIONS = (
					"DEBUG=1",
					"$(inherited)",
				);
				GCC_WARN_64_TO_32_BIT_CONVERSION = YES;
				GCC_WARN_ABOUT_RETURN_TYPE = YES_ERROR;
				GCC_WARN_UNDECLARED_SELECTOR = YES;
				GCC_WARN_UNINITIALIZED_AUTOS = YES_AGGRESSIVE;
				GCC_WARN_UNUSED_FUNCTION = YES;
				GCC_WARN_UNUSED_VARIABLE = YES;
				IPHONEOS_DEPLOYMENT_TARGET = 13.2;
				MTL_ENABLE_DEBUG_INFO = YES;
				ONLY_ACTIVE_ARCH = YES;
				SDKROOT = iphoneos;
				SWIFT_OPTIMIZATION_LEVEL = "-Onone";
				SWIFT_VERSION = 5.0;
				TARGETED_DEVICE_FAMILY = "1,2";
			};
			name = Debug;
		};
		7EA2590F1C6AA9C300906FD4 /* Release */ = {
			isa = XCBuildConfiguration;
			buildSettings = {
				ALWAYS_SEARCH_USER_PATHS = NO;
				CLANG_ANALYZER_LOCALIZABILITY_NONLOCALIZED = YES;
				CLANG_CXX_LANGUAGE_STANDARD = "gnu++0x";
				CLANG_CXX_LIBRARY = "libc++";
				CLANG_ENABLE_MODULES = YES;
				CLANG_ENABLE_OBJC_ARC = YES;
				CLANG_WARN_BLOCK_CAPTURE_AUTORELEASING = YES;
				CLANG_WARN_BOOL_CONVERSION = YES;
				CLANG_WARN_COMMA = YES;
				CLANG_WARN_CONSTANT_CONVERSION = YES;
				CLANG_WARN_DEPRECATED_OBJC_IMPLEMENTATIONS = YES;
				CLANG_WARN_DIRECT_OBJC_ISA_USAGE = YES_ERROR;
				CLANG_WARN_EMPTY_BODY = YES;
				CLANG_WARN_ENUM_CONVERSION = YES;
				CLANG_WARN_INFINITE_RECURSION = YES;
				CLANG_WARN_INT_CONVERSION = YES;
				CLANG_WARN_NON_LITERAL_NULL_CONVERSION = YES;
				CLANG_WARN_OBJC_IMPLICIT_RETAIN_SELF = YES;
				CLANG_WARN_OBJC_LITERAL_CONVERSION = YES;
				CLANG_WARN_OBJC_ROOT_CLASS = YES_ERROR;
				CLANG_WARN_RANGE_LOOP_ANALYSIS = YES;
				CLANG_WARN_STRICT_PROTOTYPES = YES;
				CLANG_WARN_SUSPICIOUS_MOVE = YES;
				CLANG_WARN_UNREACHABLE_CODE = YES;
				CLANG_WARN__DUPLICATE_METHOD_MATCH = YES;
				"CODE_SIGN_IDENTITY[sdk=iphoneos*]" = "iPhone Developer";
				COPY_PHASE_STRIP = NO;
				DEBUG_INFORMATION_FORMAT = "dwarf-with-dsym";
				ENABLE_NS_ASSERTIONS = NO;
				ENABLE_STRICT_OBJC_MSGSEND = YES;
				GCC_C_LANGUAGE_STANDARD = gnu99;
				GCC_NO_COMMON_BLOCKS = YES;
				GCC_WARN_64_TO_32_BIT_CONVERSION = YES;
				GCC_WARN_ABOUT_RETURN_TYPE = YES_ERROR;
				GCC_WARN_UNDECLARED_SELECTOR = YES;
				GCC_WARN_UNINITIALIZED_AUTOS = YES_AGGRESSIVE;
				GCC_WARN_UNUSED_FUNCTION = YES;
				GCC_WARN_UNUSED_VARIABLE = YES;
				IPHONEOS_DEPLOYMENT_TARGET = 13.2;
				MTL_ENABLE_DEBUG_INFO = NO;
				SDKROOT = iphoneos;
				SWIFT_COMPILATION_MODE = wholemodule;
				SWIFT_VERSION = 5.0;
				TARGETED_DEVICE_FAMILY = "1,2";
				VALIDATE_PRODUCT = YES;
			};
			name = Release;
		};
		7EA259111C6AA9C300906FD4 /* Debug */ = {
			isa = XCBuildConfiguration;
			buildSettings = {
				ASSETCATALOG_COMPILER_APPICON_NAME = AppIcon;
				DEVELOPMENT_TEAM = WYWUC4P4DY;
				INFOPLIST_FILE = BestApps/Info.plist;
				LD_RUNPATH_SEARCH_PATHS = "$(inherited) @executable_path/Frameworks";
				PRODUCT_BUNDLE_IDENTIFIER = com.bestApps.dev;
				PRODUCT_NAME = "$(TARGET_NAME)";
			};
			name = Debug;
		};
		7EA259121C6AA9C300906FD4 /* Release */ = {
			isa = XCBuildConfiguration;
			buildSettings = {
				ASSETCATALOG_COMPILER_APPICON_NAME = AppIcon;
				DEVELOPMENT_TEAM = WYWUC4P4DY;
				INFOPLIST_FILE = BestApps/Info.plist;
				LD_RUNPATH_SEARCH_PATHS = "$(inherited) @executable_path/Frameworks";
				PRODUCT_BUNDLE_IDENTIFIER = com.bestApps.dev;
				PRODUCT_NAME = "$(TARGET_NAME)";
			};
			name = Release;
		};
/* End XCBuildConfiguration section */

/* Begin XCConfigurationList section */
		7EA258F61C6AA9C200906FD4 /* Build configuration list for PBXProject "BestApps" */ = {
			isa = XCConfigurationList;
			buildConfigurations = (
				7EA2590E1C6AA9C300906FD4 /* Debug */,
				7EA2590F1C6AA9C300906FD4 /* Release */,
			);
			defaultConfigurationIsVisible = 0;
			defaultConfigurationName = Release;
		};
		7EA259101C6AA9C300906FD4 /* Build configuration list for PBXNativeTarget "BestApps" */ = {
			isa = XCConfigurationList;
			buildConfigurations = (
				7EA259111C6AA9C300906FD4 /* Debug */,
				7EA259121C6AA9C300906FD4 /* Release */,
			);
			defaultConfigurationIsVisible = 0;
			defaultConfigurationName = Release;
		};
/* End XCConfigurationList section */

/* Begin XCVersionGroup section */
		7EA259051C6AA9C300906FD4 /* BestApps.xcdatamodeld */ = {
			isa = XCVersionGroup;
			children = (
				7EA259061C6AA9C300906FD4 /* BestApps.xcdatamodel */,
			);
			currentVersion = 7EA259061C6AA9C300906FD4 /* BestApps.xcdatamodel */;
			path = BestApps.xcdatamodeld;
			sourceTree = "<group>";
			versionGroupType = wrapper.xcdatamodel;
		};
/* End XCVersionGroup section */
	};
	rootObject = 7EA258F31C6AA9C200906FD4 /* Project object */;
}
